
Microsoft Visual Studio Solution File, Format Version 12.00
# Visual Studio Version 16
VisualStudioVersion = 16.0.32413.511
MinimumVisualStudioVersion = 10.0.40219.1
Project("{FAE04EC0-301F-11D3-BF4B-00C04F79EFBC}") = "MercadoAPI", "MercadoAPI\MercadoAPI.csproj", "{D498AB3D-9459-4C34-8ADC-E2BC10326F57}"
EndProject
Project("{FAE04EC0-301F-11D3-BF4B-00C04F79EFBC}") = "Mercado.Domain", "Mercado.Domain\Mercado.Domain.csproj", "{7F06E0F7-F40A-4131-A1FA-5298F5C86EF0}"
EndProject
Project("{FAE04EC0-301F-11D3-BF4B-00C04F79EFBC}") = "Mercado.Infra", "Mercado.Infra\Mercado.Infra.csproj", "{7AF537C0-2C62-46CB-B060-86908A6C1FC3}"
EndProject
Global
	GlobalSection(SolutionConfigurationPlatforms) = preSolution
		Debug|Any CPU = Debug|Any CPU
		Release|Any CPU = Release|Any CPU
	EndGlobalSection
	GlobalSection(ProjectConfigurationPlatforms) = postSolution
		{D498AB3D-9459-4C34-8ADC-E2BC10326F57}.Debug|Any CPU.ActiveCfg = Debug|Any CPU
		{D498AB3D-9459-4C34-8ADC-E2BC10326F57}.Debug|Any CPU.Build.0 = Debug|Any CPU
		{D498AB3D-9459-4C34-8ADC-E2BC10326F57}.Release|Any CPU.ActiveCfg = Release|Any CPU
		{D498AB3D-9459-4C34-8ADC-E2BC10326F57}.Release|Any CPU.Build.0 = Release|Any CPU
		{7F06E0F7-F40A-4131-A1FA-5298F5C86EF0}.Debug|Any CPU.ActiveCfg = Debug|Any CPU
		{7F06E0F7-F40A-4131-A1FA-5298F5C86EF0}.Debug|Any CPU.Build.0 = Debug|Any CPU
		{7F06E0F7-F40A-4131-A1FA-5298F5C86EF0}.Release|Any CPU.ActiveCfg = Release|Any CPU
		{7F06E0F7-F40A-4131-A1FA-5298F5C86EF0}.Release|Any CPU.Build.0 = Release|Any CPU
		{7AF537C0-2C62-46CB-B060-86908A6C1FC3}.Debug|Any CPU.ActiveCfg = Debug|Any CPU
		{7AF537C0-2C62-46CB-B060-86908A6C1FC3}.Debug|Any CPU.Build.0 = Debug|Any CPU
		{7AF537C0-2C62-46CB-B060-86908A6C1FC3}.Release|Any CPU.ActiveCfg = Release|Any CPU
		{7AF537C0-2C62-46CB-B060-86908A6C1FC3}.Release|Any CPU.Build.0 = Release|Any CPU
	EndGlobalSection
	GlobalSection(SolutionProperties) = preSolution
		HideSolutionNode = FALSE
	EndGlobalSection
	GlobalSection(ExtensibilityGlobals) = postSolution
		SolutionGuid = {CF52D57A-46C7-4433-AAB9-1825733E7403}
	EndGlobalSection
EndGlobal
